
Microsoft Visual Studio Solution File, Format Version 11.00
# Visual Studio 2010
Project("{FAE04EC0-301F-11D3-BF4B-00C04F79EFBC}") = "Maze", "Maze\Maze.csproj", "{9E867E8A-4B5F-4FDD-82DF-D7394B5CDF52}"
EndProject
Project("{FAE04EC0-301F-11D3-BF4B-00C04F79EFBC}") = "MazeTests", "MazeTests\MazeTests.csproj", "{31EBC345-77A5-417A-BBCC-C303113C885B}"
EndProject
Project("{2150E333-8FDC-42A3-9474-1A3956D46DE8}") = "Solution Items", "Solution Items", "{0B1D7421-FE9D-403A-A38E-8448C5BEE289}"
	ProjectSection(SolutionItems) = preProject
		Local.testsettings = Local.testsettings
		MazeSolver.vsmdi = MazeSolver.vsmdi
		TraceAndTestImpact.testsettings = TraceAndTestImpact.testsettings
	EndProjectSection
EndProject
Global
	GlobalSection(TestCaseManagementSettings) = postSolution
		CategoryFile = MazeSolver.vsmdi
	EndGlobalSection
	GlobalSection(SolutionConfigurationPlatforms) = preSolution
		Debug|Any CPU = Debug|Any CPU
		Debug|Mixed Platforms = Debug|Mixed Platforms
		Debug|x86 = Debug|x86
		Release|Any CPU = Release|Any CPU
		Release|Mixed Platforms = Release|Mixed Platforms
		Release|x86 = Release|x86
	EndGlobalSection
	GlobalSection(ProjectConfigurationPlatforms) = postSolution
		{9E867E8A-4B5F-4FDD-82DF-D7394B5CDF52}.Debug|Any CPU.ActiveCfg = Debug|x86
		{9E867E8A-4B5F-4FDD-82DF-D7394B5CDF52}.Debug|Mixed Platforms.ActiveCfg = Debug|x86
		{9E867E8A-4B5F-4FDD-82DF-D7394B5CDF52}.Debug|Mixed Platforms.Build.0 = Debug|x86
		{9E867E8A-4B5F-4FDD-82DF-D7394B5CDF52}.Debug|x86.ActiveCfg = Debug|x86
		{9E867E8A-4B5F-4FDD-82DF-D7394B5CDF52}.Debug|x86.Build.0 = Debug|x86
		{9E867E8A-4B5F-4FDD-82DF-D7394B5CDF52}.Release|Any CPU.ActiveCfg = Release|x86
		{9E867E8A-4B5F-4FDD-82DF-D7394B5CDF52}.Release|Mixed Platforms.ActiveCfg = Release|x86
		{9E867E8A-4B5F-4FDD-82DF-D7394B5CDF52}.Release|Mixed Platforms.Build.0 = Release|x86
		{9E867E8A-4B5F-4FDD-82DF-D7394B5CDF52}.Release|x86.ActiveCfg = Release|x86
		{9E867E8A-4B5F-4FDD-82DF-D7394B5CDF52}.Release|x86.Build.0 = Release|x86
		{31EBC345-77A5-417A-BBCC-C303113C885B}.Debug|Any CPU.ActiveCfg = Debug|Any CPU
		{31EBC345-77A5-417A-BBCC-C303113C885B}.Debug|Any CPU.Build.0 = Debug|Any CPU
		{31EBC345-77A5-417A-BBCC-C303113C885B}.Debug|Mixed Platforms.ActiveCfg = Debug|Any CPU
		{31EBC345-77A5-417A-BBCC-C303113C885B}.Debug|Mixed Platforms.Build.0 = Debug|Any CPU
		{31EBC345-77A5-417A-BBCC-C303113C885B}.Debug|x86.ActiveCfg = Debug|Any CPU
		{31EBC345-77A5-417A-BBCC-C303113C885B}.Release|Any CPU.ActiveCfg = Release|Any CPU
		{31EBC345-77A5-417A-BBCC-C303113C885B}.Release|Any CPU.Build.0 = Release|Any CPU
		{31EBC345-77A5-417A-BBCC-C303113C885B}.Release|Mixed Platforms.ActiveCfg = Release|Any CPU
		{31EBC345-77A5-417A-BBCC-C303113C885B}.Release|Mixed Platforms.Build.0 = Release|Any CPU
		{31EBC345-77A5-417A-BBCC-C303113C885B}.Release|x86.ActiveCfg = Release|Any CPU
	EndGlobalSection
	GlobalSection(SolutionProperties) = preSolution
		HideSolutionNode = FALSE
	EndGlobalSection
EndGlobal
